
Microsoft Visual Studio Solution File, Format Version 12.00
# Visual Studio Version 17
VisualStudioVersion = 17.14.36212.18 d17.14
MinimumVisualStudioVersion = 10.0.40219.1
Project("{FAE04EC0-301F-11D3-BF4B-00C04F79EFBC}") = "nobeldij", "nobeldij\nobeldij.csproj", "{DEDEBE08-976F-4ED3-A2EB-6D7069D42706}"
EndProject
Global
	GlobalSection(SolutionConfigurationPlatforms) = preSolution
		Debug|Any CPU = Debug|Any CPU
		Release|Any CPU = Release|Any CPU
	EndGlobalSection
	GlobalSection(ProjectConfigurationPlatforms) = postSolution
		{DEDEBE08-976F-4ED3-A2EB-6D7069D42706}.Debug|Any CPU.ActiveCfg = Debug|Any CPU
		{DEDEBE08-976F-4ED3-A2EB-6D7069D42706}.Debug|Any CPU.Build.0 = Debug|Any CPU
		{DEDEBE08-976F-4ED3-A2EB-6D7069D42706}.Release|Any CPU.ActiveCfg = Release|Any CPU
		{DEDEBE08-976F-4ED3-A2EB-6D7069D42706}.Release|Any CPU.Build.0 = Release|Any CPU
	EndGlobalSection
	GlobalSection(SolutionProperties) = preSolution
		HideSolutionNode = FALSE
	EndGlobalSection
	GlobalSection(ExtensibilityGlobals) = postSolution
		SolutionGuid = {C239F632-62FC-41B6-AF10-A1483DDC25E6}
	EndGlobalSection
EndGlobal
